
Microsoft Visual Studio Solution File, Format Version 12.00
# Visual Studio 15
VisualStudioVersion = 15.0.28010.2026
MinimumVisualStudioVersion = 10.0.40219.1
Project("{9A19103F-16F7-4668-BE54-9A1E7A4F7556}") = "ScrumApplicationData", "ScrumApplicationData\ScrumApplicationData.csproj", "{9369F6D7-BC1D-405E-8DB0-BF53C2A9BE30}"
EndProject
Project("{9A19103F-16F7-4668-BE54-9A1E7A4F7556}") = "ScrumApplicationServices", "ScrumApplicationServices\ScrumApplicationServices.csproj", "{55532DB2-5B04-43C5-8B71-98C893B12902}"
EndProject
Project("{9A19103F-16F7-4668-BE54-9A1E7A4F7556}") = "ScrumApplication", "ScrumApplication\ScrumApplication.csproj", "{A9C90EBD-6B85-413B-89EE-405328CD94C8}"
EndProject
Global
	GlobalSection(SolutionConfigurationPlatforms) = preSolution
		Debug|Any CPU = Debug|Any CPU
		Release|Any CPU = Release|Any CPU
	EndGlobalSection
	GlobalSection(ProjectConfigurationPlatforms) = postSolution
		{9369F6D7-BC1D-405E-8DB0-BF53C2A9BE30}.Debug|Any CPU.ActiveCfg = Debug|Any CPU
		{9369F6D7-BC1D-405E-8DB0-BF53C2A9BE30}.Debug|Any CPU.Build.0 = Debug|Any CPU
		{9369F6D7-BC1D-405E-8DB0-BF53C2A9BE30}.Release|Any CPU.ActiveCfg = Release|Any CPU
		{9369F6D7-BC1D-405E-8DB0-BF53C2A9BE30}.Release|Any CPU.Build.0 = Release|Any CPU
		{55532DB2-5B04-43C5-8B71-98C893B12902}.Debug|Any CPU.ActiveCfg = Debug|Any CPU
		{55532DB2-5B04-43C5-8B71-98C893B12902}.Debug|Any CPU.Build.0 = Debug|Any CPU
		{55532DB2-5B04-43C5-8B71-98C893B12902}.Release|Any CPU.ActiveCfg = Release|Any CPU
		{55532DB2-5B04-43C5-8B71-98C893B12902}.Release|Any CPU.Build.0 = Release|Any CPU
		{A9C90EBD-6B85-413B-89EE-405328CD94C8}.Debug|Any CPU.ActiveCfg = Debug|Any CPU
		{A9C90EBD-6B85-413B-89EE-405328CD94C8}.Debug|Any CPU.Build.0 = Debug|Any CPU
		{A9C90EBD-6B85-413B-89EE-405328CD94C8}.Release|Any CPU.ActiveCfg = Release|Any CPU
		{A9C90EBD-6B85-413B-89EE-405328CD94C8}.Release|Any CPU.Build.0 = Release|Any CPU
	EndGlobalSection
	GlobalSection(SolutionProperties) = preSolution
		HideSolutionNode = FALSE
	EndGlobalSection
	GlobalSection(ExtensibilityGlobals) = postSolution
		SolutionGuid = {70FF2972-D28C-4F3E-BF27-39F26A41ECD9}
	EndGlobalSection
EndGlobal
